
Microsoft Visual Studio Solution File, Format Version 12.00
# Visual Studio Version 17
VisualStudioVersion = 17.3.32901.215
MinimumVisualStudioVersion = 10.0.40219.1
Project("{9A19103F-16F7-4668-BE54-9A1E7A4F7556}") = "CrawlerLogic", "TestTask\CrawlerLogic.csproj", "{B0D0F561-84E8-4C68-85C5-FEE3E34CE970}"
EndProject
Project("{9A19103F-16F7-4668-BE54-9A1E7A4F7556}") = "CrawlerManager", "ConsoleManager\CrawlerManager.csproj", "{913B9167-012C-432C-9E95-FF1B9D280E1C}"
EndProject
Global
	GlobalSection(SolutionConfigurationPlatforms) = preSolution
		Debug|Any CPU = Debug|Any CPU
		Release|Any CPU = Release|Any CPU
	EndGlobalSection
	GlobalSection(ProjectConfigurationPlatforms) = postSolution
		{B0D0F561-84E8-4C68-85C5-FEE3E34CE970}.Debug|Any CPU.ActiveCfg = Debug|Any CPU
		{B0D0F561-84E8-4C68-85C5-FEE3E34CE970}.Debug|Any CPU.Build.0 = Debug|Any CPU
		{B0D0F561-84E8-4C68-85C5-FEE3E34CE970}.Release|Any CPU.ActiveCfg = Release|Any CPU
		{B0D0F561-84E8-4C68-85C5-FEE3E34CE970}.Release|Any CPU.Build.0 = Release|Any CPU
		{913B9167-012C-432C-9E95-FF1B9D280E1C}.Debug|Any CPU.ActiveCfg = Debug|Any CPU
		{913B9167-012C-432C-9E95-FF1B9D280E1C}.Debug|Any CPU.Build.0 = Debug|Any CPU
		{913B9167-012C-432C-9E95-FF1B9D280E1C}.Release|Any CPU.ActiveCfg = Release|Any CPU
		{913B9167-012C-432C-9E95-FF1B9D280E1C}.Release|Any CPU.Build.0 = Release|Any CPU
	EndGlobalSection
	GlobalSection(SolutionProperties) = preSolution
		HideSolutionNode = FALSE
	EndGlobalSection
	GlobalSection(ExtensibilityGlobals) = postSolution
		SolutionGuid = {DA0FE369-86FB-4358-B6B4-0729FB50A579}
	EndGlobalSection
EndGlobal
